<?xml version="1.0" encoding="utf-8"?>
<Project ToolsVersion="4.0" xmlns="http://schemas.microsoft.com/developer/msbuild/2003">
  <ItemGroup>
    <Filter Include="common">
      <UniqueIdentifier>{8321a601-130d-4d04-92b2-8d68a9585f80}</UniqueIdentifier>
    </Filter>
    <Filter Include="graph">
      <UniqueIdentifier>{6ba1f795-fe7e-438c-bf1f-1e40fc3401f4}</UniqueIdentifier>
    </Filter>
    <Filter Include="graph\instance_reader">
      <UniqueIdentifier>{a6075a7c-4a6f-4ae6-9589-2e482a007e14}</UniqueIdentifier>
    </Filter>
    <Filter Include="graph\op">
      <UniqueIdentifier>{eda5a183-b4c6-43fe-bf1d-077b9f22b8be}</UniqueIdentifier>
    </Filter>
    <Filter Include="graph\optimizer">
      <UniqueIdentifier>{7ab96481-4c8a-4b14-ab70-bf2fec19ed31}</UniqueIdentifier>
    </Filter>
    <Filter Include="graph\op\kernel">
      <UniqueIdentifier>{30ce9f72-572b-402c-976f-cadd93ac0729}</UniqueIdentifier>
    </Filter>
    <Filter Include="graph\simp">
      <UniqueIdentifier>{a8447227-1228-4ca3-b707-5e4f2fc6b23b}</UniqueIdentifier>
    </Filter>
    <Filter Include="instance">
      <UniqueIdentifier>{4ecc22a9-ede9-4357-a6da-db865a57dabc}</UniqueIdentifier>
    </Filter>
    <Filter Include="ps">
      <UniqueIdentifier>{d66579bb-b642-4ad9-a13e-01ec896fec61}</UniqueIdentifier>
    </Filter>
    <Filter Include="tensor">
      <UniqueIdentifier>{97d4a162-11d8-4ee0-bdb7-a963ad88377e}</UniqueIdentifier>
    </Filter>
  </ItemGroup>
  <ItemGroup>
    <ClCompile Include="..\src\common\any_map.cc">
      <Filter>common</Filter>
    </ClCompile>
    <ClCompile Include="..\src\common\compress.cc">
      <Filter>common</Filter>
    </ClCompile>
    <ClCompile Include="..\src\common\fast_strtox.cc">
      <Filter>common</Filter>
    </ClCompile>
    <ClCompile Include="..\src\common\group_config.cc">
      <Filter>common</Filter>
    </ClCompile>
    <ClCompile Include="..\src\common\hash.cc">
      <Filter>common</Filter>
    </ClCompile>
    <ClCompile Include="..\src\common\misc.cc">
      <Filter>common</Filter>
    </ClCompile>
    <ClCompile Include="..\src\common\profile_util.cc">
      <Filter>common</Filter>
    </ClCompile>
    <ClCompile Include="..\src\common\stream.cc">
      <Filter>common</Filter>
    </ClCompile>
    <ClCompile Include="..\src\common\str_util.cc">
      <Filter>common</Filter>
    </ClCompile>
    <ClCompile Include="..\src\common\thread_pool.cc">
      <Filter>common</Filter>
    </ClCompile>
    <ClCompile Include="..\src\dx_log.cc" />
    <ClCompile Include="..\src\graph\dist_proto.cc">
      <Filter>graph</Filter>
    </ClCompile>
    <ClCompile Include="..\src\graph\feature_kv_util.cc">
      <Filter>graph</Filter>
    </ClCompile>
    <ClCompile Include="..\src\graph\freq_store.cc">
      <Filter>graph</Filter>
    </ClCompile>
    <ClCompile Include="..\src\graph\graph.cc">
      <Filter>graph</Filter>
    </ClCompile>
    <ClCompile Include="..\src\graph\graph_module_creator.cc">
      <Filter>graph</Filter>
    </ClCompile>
    <ClCompile Include="..\src\graph\graph_node.cc">
      <Filter>graph</Filter>
    </ClCompile>
    <ClCompile Include="..\src\graph\instance_reader\instance_reader_impl.cc">
      <Filter>graph\instance_reader</Filter>
    </ClCompile>
    <ClCompile Include="..\src\graph\instance_reader\libsvm_ex_instance_reader.cc">
      <Filter>graph\instance_reader</Filter>
    </ClCompile>
    <ClCompile Include="..\src\graph\instance_reader\libsvm_instance_reader.cc">
      <Filter>graph\instance_reader</Filter>
    </ClCompile>
    <ClCompile Include="..\src\graph\instance_reader\uch_instance_reader.cc">
      <Filter>graph\instance_reader</Filter>
    </ClCompile>
    <ClCompile Include="..\src\graph\model.cc">
      <Filter>graph</Filter>
    </ClCompile>
    <ClCompile Include="..\src\graph\model_shard.cc">
      <Filter>graph</Filter>
    </ClCompile>
    <ClCompile Include="..\src\graph\ol_store.cc">
      <Filter>graph</Filter>
    </ClCompile>
    <ClCompile Include="..\src\graph\optimizer\adam.cc">
      <Filter>graph\optimizer</Filter>
    </ClCompile>
    <ClCompile Include="..\src\graph\optimizer\ada_delta.cc">
      <Filter>graph\optimizer</Filter>
    </ClCompile>
    <ClCompile Include="..\src\graph\optimizer\ada_grad.cc">
      <Filter>graph\optimizer</Filter>
    </ClCompile>
    <ClCompile Include="..\src\graph\optimizer\ftrl.cc">
      <Filter>graph\optimizer</Filter>
    </ClCompile>
    <ClCompile Include="..\src\graph\optimizer\gftrl.cc">
      <Filter>graph\optimizer</Filter>
    </ClCompile>
    <ClCompile Include="..\src\graph\optimizer\hybrid.cc">
      <Filter>graph\optimizer</Filter>
    </ClCompile>
    <ClCompile Include="..\src\graph\optimizer\hybrid2.cc">
      <Filter>graph\optimizer</Filter>
    </ClCompile>
    <ClCompile Include="..\src\graph\optimizer\momentum.cc">
      <Filter>graph\optimizer</Filter>
    </ClCompile>
    <ClCompile Include="..\src\graph\optimizer\optimizer_impl.cc">
      <Filter>graph\optimizer</Filter>
    </ClCompile>
    <ClCompile Include="..\src\graph\optimizer\rms_prop.cc">
      <Filter>graph\optimizer</Filter>
    </ClCompile>
    <ClCompile Include="..\src\graph\optimizer\sgd.cc">
      <Filter>graph\optimizer</Filter>
    </ClCompile>
    <ClCompile Include="..\src\graph\op\kernel\add_n_op.cc">
      <Filter>graph\op\kernel</Filter>
    </ClCompile>
    <ClCompile Include="..\src\graph\op\kernel\batch_cos_op.cc">
      <Filter>graph\op\kernel</Filter>
    </ClCompile>
    <ClCompile Include="..\src\graph\op\kernel\batch_dot_op.cc">
      <Filter>graph\op\kernel</Filter>
    </ClCompile>
    <ClCompile Include="..\src\graph\op\kernel\batch_norm_op.cc">
      <Filter>graph\op\kernel</Filter>
    </ClCompile>
    <ClCompile Include="..\src\graph\op\kernel\binary_op.cc">
      <Filter>graph\op\kernel</Filter>
    </ClCompile>
    <ClCompile Include="..\src\graph\op\kernel\broadcast_op.cc">
      <Filter>graph\op\kernel</Filter>
    </ClCompile>
    <ClCompile Include="..\src\graph\op\kernel\concat_op.cc">
      <Filter>graph\op\kernel</Filter>
    </ClCompile>
    <ClCompile Include="..\src\graph\op\kernel\constant_op.cc">
      <Filter>graph\op\kernel</Filter>
    </ClCompile>
    <ClCompile Include="..\src\graph\op\kernel\conv_op.cc">
      <Filter>graph\op\kernel</Filter>
    </ClCompile>
    <ClCompile Include="..\src\graph\op\kernel\embedding_lookup_op.cc">
      <Filter>graph\op\kernel</Filter>
    </ClCompile>
    <ClCompile Include="..\src\graph\op\kernel\fm_op.cc">
      <Filter>graph\op\kernel</Filter>
    </ClCompile>
    <ClCompile Include="..\src\graph\op\kernel\for_axis_op.cc">
      <Filter>graph\op\kernel</Filter>
    </ClCompile>
    <ClCompile Include="..\src\graph\op\kernel\fully_connect_op.cc">
      <Filter>graph\op\kernel</Filter>
    </ClCompile>
    <ClCompile Include="..\src\graph\op\kernel\gemm_op.cc">
      <Filter>graph\op\kernel</Filter>
    </ClCompile>
    <ClCompile Include="..\src\graph\op\kernel\group_embedding_lookup_op.cc">
      <Filter>graph\op\kernel</Filter>
    </ClCompile>
    <ClCompile Include="..\src\graph\op\kernel\inner_op.cc">
      <Filter>graph\op\kernel</Filter>
    </ClCompile>
    <ClCompile Include="..\src\graph\op\kernel\instance_op.cc">
      <Filter>graph\op\kernel</Filter>
    </ClCompile>
    <ClCompile Include="..\src\graph\op\kernel\layer_norm_op.cc">
      <Filter>graph\op\kernel</Filter>
    </ClCompile>
    <ClCompile Include="..\src\graph\op\kernel\loss_op.cc">
      <Filter>graph\op\kernel</Filter>
    </ClCompile>
    <ClCompile Include="..\src\graph\op\kernel\matmul_op.cc">
      <Filter>graph\op\kernel</Filter>
    </ClCompile>
    <ClCompile Include="..\src\graph\op\kernel\outer_op.cc">
      <Filter>graph\op\kernel</Filter>
    </ClCompile>
    <ClCompile Include="..\src\graph\op\kernel\pool_op.cc">
      <Filter>graph\op\kernel</Filter>
    </ClCompile>
    <ClCompile Include="..\src\graph\op\kernel\reduce_axis_op.cc">
      <Filter>graph\op\kernel</Filter>
    </ClCompile>
    <ClCompile Include="..\src\graph\op\kernel\reshape_op.cc">
      <Filter>graph\op\kernel</Filter>
    </ClCompile>
    <ClCompile Include="..\src\graph\op\kernel\sequence_mask_op.cc">
      <Filter>graph\op\kernel</Filter>
    </ClCompile>
    <ClCompile Include="..\src\graph\op\kernel\stop_grad_op.cc">
      <Filter>graph\op\kernel</Filter>
    </ClCompile>
    <ClCompile Include="..\src\graph\op\kernel\subscript2_op.cc">
      <Filter>graph\op\kernel</Filter>
    </ClCompile>
    <ClCompile Include="..\src\graph\op\kernel\subscript_op.cc">
      <Filter>graph\op\kernel</Filter>
    </ClCompile>
    <ClCompile Include="..\src\graph\op\kernel\subscript_range_op.cc">
      <Filter>graph\op\kernel</Filter>
    </ClCompile>
    <ClCompile Include="..\src\graph\op\kernel\tensor_dot_op.cc">
      <Filter>graph\op\kernel</Filter>
    </ClCompile>
    <ClCompile Include="..\src\graph\op\kernel\tf_embedding_lookup_op.cc">
      <Filter>graph\op\kernel</Filter>
    </ClCompile>
    <ClCompile Include="..\src\graph\op\kernel\tile_op.cc">
      <Filter>graph\op\kernel</Filter>
    </ClCompile>
    <ClCompile Include="..\src\graph\op\kernel\transpose_op.cc">
      <Filter>graph\op\kernel</Filter>
    </ClCompile>
    <ClCompile Include="..\src\graph\op\kernel\unary_op.cc">
      <Filter>graph\op\kernel</Filter>
    </ClCompile>
    <ClCompile Include="..\src\graph\op\kernel\variable_op.cc">
      <Filter>graph\op\kernel</Filter>
    </ClCompile>
    <ClCompile Include="..\src\graph\op\kernel\where_op.cc">
      <Filter>graph\op\kernel</Filter>
    </ClCompile>
    <ClCompile Include="..\src\graph\op\op_impl.cc">
      <Filter>graph\op</Filter>
    </ClCompile>
    <ClCompile Include="..\src\graph\op_context.cc">
      <Filter>graph</Filter>
    </ClCompile>
    <ClCompile Include="..\src\graph\shard.cc">
      <Filter>graph</Filter>
    </ClCompile>
    <ClCompile Include="..\src\graph\simp\arithmetic_impl.cc">
      <Filter>graph\simp</Filter>
    </ClCompile>
    <ClCompile Include="..\src\graph\simp\cf_impl.cc">
      <Filter>graph\simp</Filter>
    </ClCompile>
    <ClCompile Include="..\src\graph\simp\cse.cc">
      <Filter>graph\simp</Filter>
    </ClCompile>
    <ClCompile Include="..\src\graph\simp\simp_impl.cc">
      <Filter>graph\simp</Filter>
    </ClCompile>
    <ClCompile Include="..\src\graph\simp\simp_item.cc">
      <Filter>graph\simp</Filter>
    </ClCompile>
    <ClCompile Include="..\src\graph\simp\simp_stage.cc">
      <Filter>graph\simp</Filter>
    </ClCompile>
    <ClCompile Include="..\src\graph\tensor_map.cc">
      <Filter>graph</Filter>
    </ClCompile>
    <ClCompile Include="..\src\graph\ts_store.cc">
      <Filter>graph</Filter>
    </ClCompile>
    <ClCompile Include="..\src\graph\variable_scope.cc">
      <Filter>graph</Filter>
    </ClCompile>
    <ClCompile Include="..\src\ps\coord_server.cc">
      <Filter>ps</Filter>
    </ClCompile>
    <ClCompile Include="..\src\ps\dist_message.cc">
      <Filter>ps</Filter>
    </ClCompile>
    <ClCompile Include="..\src\ps\file_dispatcher.cc">
      <Filter>ps</Filter>
    </ClCompile>
    <ClCompile Include="..\src\ps\param_server.cc">
      <Filter>ps</Filter>
    </ClCompile>
    <ClCompile Include="..\src\ps\rpc_client.cc">
      <Filter>ps</Filter>
    </ClCompile>
    <ClCompile Include="..\src\ps\rpc_server.cc">
      <Filter>ps</Filter>
    </ClCompile>
    <ClCompile Include="..\src\ps\tcp_connection.cc">
      <Filter>ps</Filter>
    </ClCompile>
    <ClCompile Include="..\src\ps\tcp_server.cc">
      <Filter>ps</Filter>
    </ClCompile>
    <ClCompile Include="..\src\tensor\shape.cc">
      <Filter>tensor</Filter>
    </ClCompile>
  </ItemGroup>
  <ItemGroup>
    <ClInclude Include="..\include\deepx_core\common\any.h">
      <Filter>common</Filter>
    </ClInclude>
    <ClInclude Include="..\include\deepx_core\common\any_map.h">
      <Filter>common</Filter>
    </ClInclude>
    <ClInclude Include="..\include\deepx_core\common\array_view.h">
      <Filter>common</Filter>
    </ClInclude>
    <ClInclude Include="..\include\deepx_core\common\array_view_io.h">
      <Filter>common</Filter>
    </ClInclude>
    <ClInclude Include="..\include\deepx_core\common\blocking_queue.h">
      <Filter>common</Filter>
    </ClInclude>
    <ClInclude Include="..\include\deepx_core\common\class_factory.h">
      <Filter>common</Filter>
    </ClInclude>
    <ClInclude Include="..\include\deepx_core\common\compress.h">
      <Filter>common</Filter>
    </ClInclude>
    <ClInclude Include="..\include\deepx_core\common\fast_strtox.h">
      <Filter>common</Filter>
    </ClInclude>
    <ClInclude Include="..\include\deepx_core\common\group_config.h">
      <Filter>common</Filter>
    </ClInclude>
    <ClInclude Include="..\include\deepx_core\common\hash.h">
      <Filter>common</Filter>
    </ClInclude>
    <ClInclude Include="..\include\deepx_core\common\hash_map.h">
      <Filter>common</Filter>
    </ClInclude>
    <ClInclude Include="..\include\deepx_core\common\hash_map_io.h">
      <Filter>common</Filter>
    </ClInclude>
    <ClInclude Include="..\include\deepx_core\common\lru_cache.h">
      <Filter>common</Filter>
    </ClInclude>
    <ClInclude Include="..\include\deepx_core\common\misc.h">
      <Filter>common</Filter>
    </ClInclude>
    <ClInclude Include="..\include\deepx_core\common\profile_util.h">
      <Filter>common</Filter>
    </ClInclude>
    <ClInclude Include="..\include\deepx_core\common\read_write_lock.h">
      <Filter>common</Filter>
    </ClInclude>
    <ClInclude Include="..\include\deepx_core\common\stream.h">
      <Filter>common</Filter>
    </ClInclude>
    <ClInclude Include="..\include\deepx_core\common\str_util.h">
      <Filter>common</Filter>
    </ClInclude>
    <ClInclude Include="..\include\deepx_core\common\thread_pool.h">
      <Filter>common</Filter>
    </ClInclude>
    <ClInclude Include="..\include\deepx_core\common\vector.h">
      <Filter>common</Filter>
    </ClInclude>
    <ClInclude Include="..\include\deepx_core\common\vector_io.h">
      <Filter>common</Filter>
    </ClInclude>
    <ClInclude Include="..\include\deepx_core\dx_log.h" />
    <ClInclude Include="..\include\deepx_core\dx_version.h" />
    <ClInclude Include="..\include\deepx_core\graph\dist_proto.h">
      <Filter>graph</Filter>
    </ClInclude>
    <ClInclude Include="..\include\deepx_core\graph\feature_kv_util.h">
      <Filter>graph</Filter>
    </ClInclude>
    <ClInclude Include="..\include\deepx_core\graph\freq_store.h">
      <Filter>graph</Filter>
    </ClInclude>
    <ClInclude Include="..\include\deepx_core\graph\graph.h">
      <Filter>graph</Filter>
    </ClInclude>
    <ClInclude Include="..\include\deepx_core\graph\graph_module_creator.h">
      <Filter>graph</Filter>
    </ClInclude>
    <ClInclude Include="..\include\deepx_core\graph\graph_node.h">
      <Filter>graph</Filter>
    </ClInclude>
    <ClInclude Include="..\include\deepx_core\graph\graph_simp.h">
      <Filter>graph</Filter>
    </ClInclude>
    <ClInclude Include="..\include\deepx_core\graph\instance_reader.h">
      <Filter>graph</Filter>
    </ClInclude>
    <ClInclude Include="..\include\deepx_core\graph\instance_reader_impl.h">
      <Filter>graph</Filter>
    </ClInclude>
    <ClInclude Include="..\include\deepx_core\graph\model.h">
      <Filter>graph</Filter>
    </ClInclude>
    <ClInclude Include="..\include\deepx_core\graph\model_shard.h">
      <Filter>graph</Filter>
    </ClInclude>
    <ClInclude Include="..\include\deepx_core\graph\ol_store.h">
      <Filter>graph</Filter>
    </ClInclude>
    <ClInclude Include="..\include\deepx_core\graph\op.h">
      <Filter>graph</Filter>
    </ClInclude>
    <ClInclude Include="..\include\deepx_core\graph\optimizer.h">
      <Filter>graph</Filter>
    </ClInclude>
    <ClInclude Include="..\include\deepx_core\graph\optimizer_impl.h">
      <Filter>graph</Filter>
    </ClInclude>
    <ClInclude Include="..\include\deepx_core\graph\op_context.h">
      <Filter>graph</Filter>
    </ClInclude>
    <ClInclude Include="..\include\deepx_core\graph\op_impl.h">
      <Filter>graph</Filter>
    </ClInclude>
    <ClInclude Include="..\include\deepx_core\graph\shard.h">
      <Filter>graph</Filter>
    </ClInclude>
    <ClInclude Include="..\include\deepx_core\graph\tensor_map.h">
      <Filter>graph</Filter>
    </ClInclude>
    <ClInclude Include="..\include\deepx_core\graph\ts_store.h">
      <Filter>graph</Filter>
    </ClInclude>
    <ClInclude Include="..\include\deepx_core\graph\variable_scope.h">
      <Filter>graph</Filter>
    </ClInclude>
    <ClInclude Include="..\include\deepx_core\instance\base.h">
      <Filter>instance</Filter>
    </ClInclude>
    <ClInclude Include="..\include\deepx_core\instance\libsvm.h">
      <Filter>instance</Filter>
    </ClInclude>
    <ClInclude Include="..\include\deepx_core\instance\libsvm_ex.h">
      <Filter>instance</Filter>
    </ClInclude>
    <ClInclude Include="..\include\deepx_core\instance\uch.h">
      <Filter>instance</Filter>
    </ClInclude>
    <ClInclude Include="..\include\deepx_core\ps\coord_server.h">
      <Filter>ps</Filter>
    </ClInclude>
    <ClInclude Include="..\include\deepx_core\ps\dist_message.h">
      <Filter>ps</Filter>
    </ClInclude>
    <ClInclude Include="..\include\deepx_core\ps\file_dispatcher.h">
      <Filter>ps</Filter>
    </ClInclude>
    <ClInclude Include="..\include\deepx_core\ps\param_server.h">
      <Filter>ps</Filter>
    </ClInclude>
    <ClInclude Include="..\include\deepx_core\ps\rpc_client.h">
      <Filter>ps</Filter>
    </ClInclude>
    <ClInclude Include="..\include\deepx_core\ps\rpc_server.h">
      <Filter>ps</Filter>
    </ClInclude>
    <ClInclude Include="..\include\deepx_core\ps\tcp_connection.h">
      <Filter>ps</Filter>
    </ClInclude>
    <ClInclude Include="..\include\deepx_core\ps\tcp_server.h">
      <Filter>ps</Filter>
    </ClInclude>
    <ClInclude Include="..\include\deepx_core\tensor\csr_matrix.h">
      <Filter>tensor</Filter>
    </ClInclude>
    <ClInclude Include="..\include\deepx_core\tensor\data_type.h">
      <Filter>tensor</Filter>
    </ClInclude>
    <ClInclude Include="..\include\deepx_core\tensor\ll_math.h">
      <Filter>tensor</Filter>
    </ClInclude>
    <ClInclude Include="..\include\deepx_core\tensor\ll_math_sage2.h">
      <Filter>tensor</Filter>
    </ClInclude>
    <ClInclude Include="..\include\deepx_core\tensor\ll_math_sage2_sgemm.h">
      <Filter>tensor</Filter>
    </ClInclude>
    <ClInclude Include="..\include\deepx_core\tensor\ll_tensor.h">
      <Filter>tensor</Filter>
    </ClInclude>
    <ClInclude Include="..\include\deepx_core\tensor\ll_tensor_sage2.h">
      <Filter>tensor</Filter>
    </ClInclude>
    <ClInclude Include="..\include\deepx_core\tensor\shape.h">
      <Filter>tensor</Filter>
    </ClInclude>
    <ClInclude Include="..\include\deepx_core\tensor\sparse_row_matrix.h">
      <Filter>tensor</Filter>
    </ClInclude>
    <ClInclude Include="..\include\deepx_core\tensor\tensor.h">
      <Filter>tensor</Filter>
    </ClInclude>
    <ClInclude Include="..\include\deepx_core\tensor\tensor_type.h">
      <Filter>tensor</Filter>
    </ClInclude>
    <ClInclude Include="..\src\graph\op\kernel\binary_meta.h">
      <Filter>graph\op\kernel</Filter>
    </ClInclude>
    <ClInclude Include="..\src\graph\op\kernel\broadcast.h">
      <Filter>graph\op\kernel</Filter>
    </ClInclude>
    <ClInclude Include="..\src\graph\op\kernel\transpose.h">
      <Filter>graph\op\kernel</Filter>
    </ClInclude>
    <ClInclude Include="..\src\graph\simp\arithmetic.h">
      <Filter>graph\simp</Filter>
    </ClInclude>
    <ClInclude Include="..\src\graph\simp\arithmetic_impl.h">
      <Filter>graph\simp</Filter>
    </ClInclude>
    <ClInclude Include="..\src\graph\simp\cf.h">
      <Filter>graph\simp</Filter>
    </ClInclude>
    <ClInclude Include="..\src\graph\simp\cf_impl.h">
      <Filter>graph\simp</Filter>
    </ClInclude>
    <ClInclude Include="..\src\graph\simp\cse.h">
      <Filter>graph\simp</Filter>
    </ClInclude>
    <ClInclude Include="..\src\graph\simp\simp_impl.h">
      <Filter>graph\simp</Filter>
    </ClInclude>
    <ClInclude Include="..\src\graph\simp\simp_item.h">
      <Filter>graph\simp</Filter>
    </ClInclude>
    <ClInclude Include="..\src\graph\simp\simp_stage.h">
      <Filter>graph\simp</Filter>
    </ClInclude>
  </ItemGroup>
</Project>
