<?xml version="1.0" encoding="utf-8"?>
<Project ToolsVersion="4.0" xmlns="http://schemas.microsoft.com/developer/msbuild/2003">
  <ItemGroup>
    <Filter Include="common">
      <UniqueIdentifier>{7d988783-273a-440c-a1aa-d752285f74fa}</UniqueIdentifier>
    </Filter>
    <Filter Include="graph">
      <UniqueIdentifier>{4f0f96e2-b62a-4bd1-b94b-b0d96427c750}</UniqueIdentifier>
    </Filter>
    <Filter Include="graph\instance_reader">
      <UniqueIdentifier>{3b6813ed-154e-452e-89b5-4ee2133c08eb}</UniqueIdentifier>
    </Filter>
    <Filter Include="graph\op">
      <UniqueIdentifier>{3f2ec204-93cb-4b30-9eb3-ea86d23ad507}</UniqueIdentifier>
    </Filter>
    <Filter Include="graph\op\kernel">
      <UniqueIdentifier>{5418d6b9-e835-4231-a61b-5ce0e55dea49}</UniqueIdentifier>
    </Filter>
    <Filter Include="graph\simp">
      <UniqueIdentifier>{cdbd85a9-b3c8-4656-894d-0285023ae013}</UniqueIdentifier>
    </Filter>
    <Filter Include="instance">
      <UniqueIdentifier>{3b87d5c1-7125-480e-9974-baf07ebbd974}</UniqueIdentifier>
    </Filter>
    <Filter Include="ps">
      <UniqueIdentifier>{abfdcb0f-ba9d-4d39-93b1-91ff90d51f59}</UniqueIdentifier>
    </Filter>
    <Filter Include="tensor">
      <UniqueIdentifier>{c4af2829-11be-4441-8add-16e58d0d77c6}</UniqueIdentifier>
    </Filter>
  </ItemGroup>
  <ItemGroup>
    <ClInclude Include="..\include\deepx_core\dx_gtest.h" />
    <ClInclude Include="..\src\graph\op\op_test.h">
      <Filter>graph\op</Filter>
    </ClInclude>
    <ClInclude Include="..\src\graph\simp\simp_test.h">
      <Filter>graph\simp</Filter>
    </ClInclude>
  </ItemGroup>
  <ItemGroup>
    <ClCompile Include="..\src\common\any_map_test.cc">
      <Filter>common</Filter>
    </ClCompile>
    <ClCompile Include="..\src\common\any_test.cc">
      <Filter>common</Filter>
    </ClCompile>
    <ClCompile Include="..\src\common\array_view_test.cc">
      <Filter>common</Filter>
    </ClCompile>
    <ClCompile Include="..\src\common\blocking_queue_test.cc">
      <Filter>common</Filter>
    </ClCompile>
    <ClCompile Include="..\src\common\class_factory_test.cc">
      <Filter>common</Filter>
    </ClCompile>
    <ClCompile Include="..\src\common\compress_test.cc">
      <Filter>common</Filter>
    </ClCompile>
    <ClCompile Include="..\src\common\fast_strtox_test.cc">
      <Filter>common</Filter>
    </ClCompile>
    <ClCompile Include="..\src\common\group_config_test.cc">
      <Filter>common</Filter>
    </ClCompile>
    <ClCompile Include="..\src\common\hash_map_test.cc">
      <Filter>common</Filter>
    </ClCompile>
    <ClCompile Include="..\src\common\hash_test.cc">
      <Filter>common</Filter>
    </ClCompile>
    <ClCompile Include="..\src\common\lru_cache_test.cc">
      <Filter>common</Filter>
    </ClCompile>
    <ClCompile Include="..\src\common\misc_test.cc">
      <Filter>common</Filter>
    </ClCompile>
    <ClCompile Include="..\src\common\stream_test.cc">
      <Filter>common</Filter>
    </ClCompile>
    <ClCompile Include="..\src\common\str_util_test.cc">
      <Filter>common</Filter>
    </ClCompile>
    <ClCompile Include="..\src\common\thread_pool_test.cc">
      <Filter>common</Filter>
    </ClCompile>
    <ClCompile Include="..\src\common\vector_test.cc">
      <Filter>common</Filter>
    </ClCompile>
    <ClCompile Include="..\src\graph\feature_kv_util_test.cc">
      <Filter>graph</Filter>
    </ClCompile>
    <ClCompile Include="..\src\graph\freq_store_test.cc">
      <Filter>graph</Filter>
    </ClCompile>
    <ClCompile Include="..\src\graph\graph_module_creator_test.cc">
      <Filter>graph</Filter>
    </ClCompile>
    <ClCompile Include="..\src\graph\graph_test.cc">
      <Filter>graph</Filter>
    </ClCompile>
    <ClCompile Include="..\src\graph\instance_reader\libsvm_ex_instance_reader_test.cc">
      <Filter>graph\instance_reader</Filter>
    </ClCompile>
    <ClCompile Include="..\src\graph\instance_reader\libsvm_instance_reader_test.cc">
      <Filter>graph\instance_reader</Filter>
    </ClCompile>
    <ClCompile Include="..\src\graph\instance_reader\uch_instance_reader_test.cc">
      <Filter>graph\instance_reader</Filter>
    </ClCompile>
    <ClCompile Include="..\src\graph\ol_store_test.cc">
      <Filter>graph</Filter>
    </ClCompile>
    <ClCompile Include="..\src\graph\op\kernel\add_n_op_test.cc">
      <Filter>graph\op\kernel</Filter>
    </ClCompile>
    <ClCompile Include="..\src\graph\op\kernel\batch_cos_op_test.cc">
      <Filter>graph\op\kernel</Filter>
    </ClCompile>
    <ClCompile Include="..\src\graph\op\kernel\batch_dot_op_test.cc">
      <Filter>graph\op\kernel</Filter>
    </ClCompile>
    <ClCompile Include="..\src\graph\op\kernel\batch_norm_op_test.cc">
      <Filter>graph\op\kernel</Filter>
    </ClCompile>
    <ClCompile Include="..\src\graph\op\kernel\binary_op_test.cc">
      <Filter>graph\op\kernel</Filter>
    </ClCompile>
    <ClCompile Include="..\src\graph\op\kernel\broadcast_op_test.cc">
      <Filter>graph\op\kernel</Filter>
    </ClCompile>
    <ClCompile Include="..\src\graph\op\kernel\concat_op_test.cc">
      <Filter>graph\op\kernel</Filter>
    </ClCompile>
    <ClCompile Include="..\src\graph\op\kernel\constant_op_test.cc">
      <Filter>graph\op\kernel</Filter>
    </ClCompile>
    <ClCompile Include="..\src\graph\op\kernel\conv_op_test.cc">
      <Filter>graph\op\kernel</Filter>
    </ClCompile>
    <ClCompile Include="..\src\graph\op\kernel\embedding_lookup_op_test.cc">
      <Filter>graph\op\kernel</Filter>
    </ClCompile>
    <ClCompile Include="..\src\graph\op\kernel\fm_op_test.cc">
      <Filter>graph\op\kernel</Filter>
    </ClCompile>
    <ClCompile Include="..\src\graph\op\kernel\for_axis_op_test.cc">
      <Filter>graph\op\kernel</Filter>
    </ClCompile>
    <ClCompile Include="..\src\graph\op\kernel\fully_connect_op_test.cc">
      <Filter>graph\op\kernel</Filter>
    </ClCompile>
    <ClCompile Include="..\src\graph\op\kernel\gemm_op_test.cc">
      <Filter>graph\op\kernel</Filter>
    </ClCompile>
    <ClCompile Include="..\src\graph\op\kernel\group_embedding_lookup_op_test.cc">
      <Filter>graph\op\kernel</Filter>
    </ClCompile>
    <ClCompile Include="..\src\graph\op\kernel\inner_op_test.cc">
      <Filter>graph\op\kernel</Filter>
    </ClCompile>
    <ClCompile Include="..\src\graph\op\kernel\layer_norm_op_test.cc">
      <Filter>graph\op\kernel</Filter>
    </ClCompile>
    <ClCompile Include="..\src\graph\op\kernel\loss_op_test.cc">
      <Filter>graph\op\kernel</Filter>
    </ClCompile>
    <ClCompile Include="..\src\graph\op\kernel\matmul_op_test.cc">
      <Filter>graph\op\kernel</Filter>
    </ClCompile>
    <ClCompile Include="..\src\graph\op\kernel\outer_op_test.cc">
      <Filter>graph\op\kernel</Filter>
    </ClCompile>
    <ClCompile Include="..\src\graph\op\kernel\pool_op_test.cc">
      <Filter>graph\op\kernel</Filter>
    </ClCompile>
    <ClCompile Include="..\src\graph\op\kernel\reduce_axis_op_test.cc">
      <Filter>graph\op\kernel</Filter>
    </ClCompile>
    <ClCompile Include="..\src\graph\op\kernel\reshape_op_test.cc">
      <Filter>graph\op\kernel</Filter>
    </ClCompile>
    <ClCompile Include="..\src\graph\op\kernel\sequence_mask_op_test.cc">
      <Filter>graph\op\kernel</Filter>
    </ClCompile>
    <ClCompile Include="..\src\graph\op\kernel\stop_grad_op_test.cc">
      <Filter>graph\op\kernel</Filter>
    </ClCompile>
    <ClCompile Include="..\src\graph\op\kernel\subscript2_op_test.cc">
      <Filter>graph\op\kernel</Filter>
    </ClCompile>
    <ClCompile Include="..\src\graph\op\kernel\subscript_op_test.cc">
      <Filter>graph\op\kernel</Filter>
    </ClCompile>
    <ClCompile Include="..\src\graph\op\kernel\subscript_range_op_test.cc">
      <Filter>graph\op\kernel</Filter>
    </ClCompile>
    <ClCompile Include="..\src\graph\op\kernel\tensor_dot_op_test.cc">
      <Filter>graph\op\kernel</Filter>
    </ClCompile>
    <ClCompile Include="..\src\graph\op\kernel\tf_embedding_lookup_op_test.cc">
      <Filter>graph\op\kernel</Filter>
    </ClCompile>
    <ClCompile Include="..\src\graph\op\kernel\tile_op_test.cc">
      <Filter>graph\op\kernel</Filter>
    </ClCompile>
    <ClCompile Include="..\src\graph\op\kernel\transpose_op_test.cc">
      <Filter>graph\op\kernel</Filter>
    </ClCompile>
    <ClCompile Include="..\src\graph\op\kernel\unary_op_test.cc">
      <Filter>graph\op\kernel</Filter>
    </ClCompile>
    <ClCompile Include="..\src\graph\op\kernel\where_op_test.cc">
      <Filter>graph\op\kernel</Filter>
    </ClCompile>
    <ClCompile Include="..\src\graph\op\op_test.cc">
      <Filter>graph\op</Filter>
    </ClCompile>
    <ClCompile Include="..\src\graph\simp\arithmetic_impl_test.cc">
      <Filter>graph\simp</Filter>
    </ClCompile>
    <ClCompile Include="..\src\graph\simp\cf_impl_test.cc">
      <Filter>graph\simp</Filter>
    </ClCompile>
    <ClCompile Include="..\src\graph\simp\cse_test.cc">
      <Filter>graph\simp</Filter>
    </ClCompile>
    <ClCompile Include="..\src\graph\simp\simp_item_test.cc">
      <Filter>graph\simp</Filter>
    </ClCompile>
    <ClCompile Include="..\src\graph\simp\simp_test.cc">
      <Filter>graph\simp</Filter>
    </ClCompile>
    <ClCompile Include="..\src\graph\tensor_map_test.cc">
      <Filter>graph</Filter>
    </ClCompile>
    <ClCompile Include="..\src\graph\ts_store_test.cc">
      <Filter>graph</Filter>
    </ClCompile>
    <ClCompile Include="..\src\graph\variable_scope_test.cc">
      <Filter>graph</Filter>
    </ClCompile>
    <ClCompile Include="..\src\instance\libsvm_ex_test.cc">
      <Filter>instance</Filter>
    </ClCompile>
    <ClCompile Include="..\src\instance\libsvm_test.cc">
      <Filter>instance</Filter>
    </ClCompile>
    <ClCompile Include="..\src\instance\uch_test.cc">
      <Filter>instance</Filter>
    </ClCompile>
    <ClCompile Include="..\src\ps\dist_message_test.cc">
      <Filter>ps</Filter>
    </ClCompile>
    <ClCompile Include="..\src\ps\file_dispatcher_test.cc">
      <Filter>ps</Filter>
    </ClCompile>
    <ClCompile Include="..\src\ps\tcp_connection_test.cc">
      <Filter>ps</Filter>
    </ClCompile>
    <ClCompile Include="..\src\tensor\csr_matrix_test.cc">
      <Filter>tensor</Filter>
    </ClCompile>
    <ClCompile Include="..\src\tensor\ll_math_test.cc">
      <Filter>tensor</Filter>
    </ClCompile>
    <ClCompile Include="..\src\tensor\ll_tensor_test.cc">
      <Filter>tensor</Filter>
    </ClCompile>
    <ClCompile Include="..\src\tensor\shape_test.cc">
      <Filter>tensor</Filter>
    </ClCompile>
    <ClCompile Include="..\src\tensor\sparse_row_matrix_test.cc">
      <Filter>tensor</Filter>
    </ClCompile>
    <ClCompile Include="..\src\tensor\tensor_test.cc">
      <Filter>tensor</Filter>
    </ClCompile>
  </ItemGroup>
</Project>
